<?xml version="1.0" encoding="utf-8"?>
<Project ToolsVersion="4.0" xmlns="http://schemas.microsoft.com/developer/msbuild/2003">
  <ItemGroup>
    <Filter Include="Source Files">
      <UniqueIdentifier>{4FC737F1-C7A5-4376-A066-2A32D752A2FF}</UniqueIdentifier>
      <Extensions>cpp;c;cc;cxx;c++;cppm;ixx;def;odl;idl;hpj;bat;asm;asmx</Extensions>
    </Filter>
    <Filter Include="Header Files">
      <UniqueIdentifier>{93995380-89BD-4b04-88EB-625FBE52EBFB}</UniqueIdentifier>
      <Extensions>h;hh;hpp;hxx;h++;hm;inl;inc;ipp;xsd</Extensions>
    </Filter>
    <Filter Include="Resource Files">
      <UniqueIdentifier>{67DA6AB6-F800-4c08-8B7A-83BB121AAD01}</UniqueIdentifier>
      <Extensions>rc;ico;cur;bmp;dlg;rc2;rct;bin;rgs;gif;jpg;jpeg;jpe;resx;tiff;tif;png;wav;mfcribbon-ms</Extensions>
    </Filter>
  </ItemGroup>
  <ItemGroup>
    <ClCompile Include="src\cyko.cpp">
      <Filter>Source Files</Filter>
    </ClCompile>
    <ClCompile Include="src\meta.ixx">
      <Filter>Source Files</Filter>
    </ClCompile>
  </ItemGroup>
  <ItemGroup>
    <ClInclude Include="include\cyko\common\types.h">
      <Filter>Header Files</Filter>
    </ClInclude>
    <ClInclude Include="include\cyko\meta\conditional.h">
      <Filter>Header Files</Filter>
    </ClInclude>
    <ClInclude Include="include\cyko\meta\decrease.h">
      <Filter>Header Files</Filter>
    </ClInclude>
    <ClInclude Include="include\cyko\meta\divide.h">
      <Filter>Header Files</Filter>
    </ClInclude>
    <ClInclude Include="include\cyko\meta\eller.h">
      <Filter>Header Files</Filter>
    </ClInclude>
    <ClInclude Include="include\cyko\meta\equal.h">
      <Filter>Header Files</Filter>
    </ClInclude>
    <ClInclude Include="include\cyko\meta\expression.h">
      <Filter>Header Files</Filter>
    </ClInclude>
    <ClInclude Include="include\cyko\meta\increase.h">
      <Filter>Header Files</Filter>
    </ClInclude>
    <ClInclude Include="include\cyko\meta\minus.h">
      <Filter>Header Files</Filter>
    </ClInclude>
    <ClInclude Include="include\cyko\meta\multiply.h">
      <Filter>Header Files</Filter>
    </ClInclude>
    <ClInclude Include="include\cyko\meta\negate.h">
      <Filter>Header Files</Filter>
    </ClInclude>
    <ClInclude Include="include\cyko\meta\och.h">
      <Filter>Header Files</Filter>
    </ClInclude>
    <ClInclude Include="include\cyko\meta\plus.h">
      <Filter>Header Files</Filter>
    </ClInclude>
    <ClInclude Include="include\cyko\meta\zero.h">
      <Filter>Header Files</Filter>
    </ClInclude>
    <ClInclude Include="include\cyko\type\add_const.h">
      <Filter>Header Files</Filter>
    </ClInclude>
    <ClInclude Include="include\cyko\type\add_cv.h">
      <Filter>Header Files</Filter>
    </ClInclude>
    <ClInclude Include="include\cyko\type\add_volatile.h">
      <Filter>Header Files</Filter>
    </ClInclude>
    <ClInclude Include="include\cyko\type\conditional.h">
      <Filter>Header Files</Filter>
    </ClInclude>
    <ClInclude Include="include\cyko\type\enable_if.h">
      <Filter>Header Files</Filter>
    </ClInclude>
    <ClInclude Include="include\cyko\type\has.h">
      <Filter>Header Files</Filter>
    </ClInclude>
    <ClInclude Include="include\cyko\type\is_array.h">
      <Filter>Header Files</Filter>
    </ClInclude>
    <ClInclude Include="include\cyko\type\is_base_of.h">
      <Filter>Header Files</Filter>
    </ClInclude>
    <ClInclude Include="include\cyko\type\is_class.h">
      <Filter>Header Files</Filter>
    </ClInclude>
    <ClInclude Include="include\cyko\type\is_enum.h">
      <Filter>Header Files</Filter>
    </ClInclude>
    <ClInclude Include="include\cyko\type\is_lvalue_reference.h">
      <Filter>Header Files</Filter>
    </ClInclude>
    <ClInclude Include="include\cyko\type\is_pointer.h">
      <Filter>Header Files</Filter>
    </ClInclude>
    <ClInclude Include="include\cyko\type\is_rvalue_reference.h">
      <Filter>Header Files</Filter>
    </ClInclude>
    <ClInclude Include="include\cyko\type\is_same.h">
      <Filter>Header Files</Filter>
    </ClInclude>
    <ClInclude Include="include\cyko\type\is_union.h">
      <Filter>Header Files</Filter>
    </ClInclude>
    <ClInclude Include="include\cyko\type\list.h">
      <Filter>Header Files</Filter>
    </ClInclude>
    <ClInclude Include="include\cyko\type\none.h">
      <Filter>Header Files</Filter>
    </ClInclude>
    <ClInclude Include="include\cyko\type\rank.h">
      <Filter>Header Files</Filter>
    </ClInclude>
    <ClInclude Include="include\cyko\type\remove_const.h">
      <Filter>Header Files</Filter>
    </ClInclude>
    <ClInclude Include="include\cyko\type\remove_cv.h">
      <Filter>Header Files</Filter>
    </ClInclude>
    <ClInclude Include="include\cyko\type\remove_extent.h">
      <Filter>Header Files</Filter>
    </ClInclude>
    <ClInclude Include="include\cyko\type\remove_pointer.h">
      <Filter>Header Files</Filter>
    </ClInclude>
    <ClInclude Include="include\cyko\type\remove_reference.h">
      <Filter>Header Files</Filter>
    </ClInclude>
    <ClInclude Include="include\cyko\type\remove_volatile.h">
      <Filter>Header Files</Filter>
    </ClInclude>
    <ClInclude Include="include\cyko\type\size.h">
      <Filter>Header Files</Filter>
    </ClInclude>
    <ClInclude Include="include\cyko\env.h">
      <Filter>Header Files</Filter>
    </ClInclude>
    <ClInclude Include="include\cyko\type\is_function.h">
      <Filter>Header Files</Filter>
    </ClInclude>
    <ClInclude Include="include\cyko\common\common.h">
      <Filter>Header Files</Filter>
    </ClInclude>
    <ClInclude Include="include\cyko\type\is_const.h">
      <Filter>Header Files</Filter>
    </ClInclude>
    <ClInclude Include="include\cyko\type\is_reference.h">
      <Filter>Header Files</Filter>
    </ClInclude>
    <ClInclude Include="include\cyko\type\is_volatile.h">
      <Filter>Header Files</Filter>
    </ClInclude>
    <ClInclude Include="include\cyko\common\const.h">
      <Filter>Header Files</Filter>
    </ClInclude>
    <ClInclude Include="include\cyko\meta\greater.h">
      <Filter>Header Files</Filter>
    </ClInclude>
    <ClInclude Include="include\cyko\meta\less.h">
      <Filter>Header Files</Filter>
    </ClInclude>
    <ClInclude Include="include\cyko\module\meta.h">
      <Filter>Header Files</Filter>
    </ClInclude>
    <ClInclude Include="include\cyko\type\is_object.h">
      <Filter>Header Files</Filter>
    </ClInclude>
    <ClInclude Include="include\cyko\type\is_void.h">
      <Filter>Header Files</Filter>
    </ClInclude>
    <ClInclude Include="include\cyko\type\pack.h">
      <Filter>Header Files</Filter>
    </ClInclude>
  </ItemGroup>
  <ItemGroup>
    <None Include="bin\debug\x64\.gitkeep" />
    <None Include="bin\debug\x86\.gitkeep" />
    <None Include="bin\release\x64\.gitkeep" />
    <None Include="bin\release\x86\.gitkeep" />
    <None Include="README.md" />
    <None Include="nuke.ps1" />
    <None Include="LICENSE" />
    <None Include=".gitignore" />
    <None Include="bak\debug\x64\.gitkeep" />
    <None Include="bak\debug\x86\.gitkeep" />
  </ItemGroup>
</Project>